
Microsoft Visual Studio Solution File, Format Version 12.00
# Visual Studio Version 17
VisualStudioVersion = 17.8.34511.84
MinimumVisualStudioVersion = 10.0.40219.1
Project("{FAE04EC0-301F-11D3-BF4B-00C04F79EFBC}") = "SequenciaFibonacci", "SequenciaFibonacci\SequenciaFibonacci.csproj", "{B416426C-8391-4616-BF33-8E5F56B7692C}"
EndProject
Global
	GlobalSection(SolutionConfigurationPlatforms) = preSolution
		Debug|Any CPU = Debug|Any CPU
		Release|Any CPU = Release|Any CPU
	EndGlobalSection
	GlobalSection(ProjectConfigurationPlatforms) = postSolution
		{B416426C-8391-4616-BF33-8E5F56B7692C}.Debug|Any CPU.ActiveCfg = Debug|Any CPU
		{B416426C-8391-4616-BF33-8E5F56B7692C}.Debug|Any CPU.Build.0 = Debug|Any CPU
		{B416426C-8391-4616-BF33-8E5F56B7692C}.Release|Any CPU.ActiveCfg = Release|Any CPU
		{B416426C-8391-4616-BF33-8E5F56B7692C}.Release|Any CPU.Build.0 = Release|Any CPU
	EndGlobalSection
	GlobalSection(SolutionProperties) = preSolution
		HideSolutionNode = FALSE
	EndGlobalSection
	GlobalSection(ExtensibilityGlobals) = postSolution
		SolutionGuid = {920A9BA1-4BE8-41EB-B204-2974ACEACA5B}
	EndGlobalSection
EndGlobal
